<?xml version="1.0" encoding="UTF-8" standalone="yes" ?>
<CodeBlocks_project_file>
	<FileVersion major="1" minor="6" />
	<Project>
		<Option title="SistemaGestion-Grupo20" />
		<Option pch_mode="2" />
		<Option compiler="gcc" />
		<Option virtualFolders="Suscriptores/;Series/;Peliculas/;Directores/;Auxiliares/;Consumos/;Reportes/" />
		<Build>
			<Target title="Debug">
				<Option output="bin/Debug/SistemaGestion-Grupo20" prefix_auto="1" extension_auto="1" />
				<Option object_output="obj/Debug/" />
				<Option type="1" />
				<Option compiler="gcc" />
				<Compiler>
					<Add option="-g" />
				</Compiler>
			</Target>
			<Target title="Release">
				<Option output="bin/Release/SistemaGestion-Grupo20" prefix_auto="1" extension_auto="1" />
				<Option object_output="obj/Release/" />
				<Option type="1" />
				<Option compiler="gcc" />
				<Compiler>
					<Add option="-O2" />
				</Compiler>
				<Linker>
					<Add option="-s" />
				</Linker>
			</Target>
		</Build>
		<Compiler>
			<Add option="-Wall" />
			<Add option="-fexceptions" />
		</Compiler>
		<Unit filename="App.cpp" />
		<Unit filename="App.h" />
		<Unit filename="Clasificacion.cpp">
			<Option virtualFolder="Auxiliares/" />
		</Unit>
		<Unit filename="Clasificacion.h">
			<Option virtualFolder="Auxiliares/" />
		</Unit>
		<Unit filename="ClasificacionArchivo.cpp">
			<Option virtualFolder="Auxiliares/" />
		</Unit>
		<Unit filename="ClasificacionArchivo.h">
			<Option virtualFolder="Auxiliares/" />
		</Unit>
		<Unit filename="ClasificacionManager.cpp">
			<Option virtualFolder="Auxiliares/" />
		</Unit>
		<Unit filename="ClasificacionManager.h">
			<Option virtualFolder="Auxiliares/" />
		</Unit>
		<Unit filename="ClasificacionMenu.cpp">
			<Option virtualFolder="Auxiliares/" />
		</Unit>
		<Unit filename="ClasificacionMenu.h">
			<Option virtualFolder="Auxiliares/" />
		</Unit>
		<Unit filename="Consumo.cpp">
			<Option virtualFolder="Consumos/" />
		</Unit>
		<Unit filename="Consumo.h">
			<Option virtualFolder="Consumos/" />
		</Unit>
		<Unit filename="ConsumoArchivo.cpp">
			<Option virtualFolder="Consumos/" />
		</Unit>
		<Unit filename="ConsumoArchivo.h">
			<Option virtualFolder="Consumos/" />
		</Unit>
		<Unit filename="ConsumoManager.cpp">
			<Option virtualFolder="Consumos/" />
		</Unit>
		<Unit filename="ConsumoManager.h">
			<Option virtualFolder="Consumos/" />
		</Unit>
		<Unit filename="ConsumoMenu.cpp">
			<Option virtualFolder="Consumos/" />
		</Unit>
		<Unit filename="ConsumoMenu.h">
			<Option virtualFolder="Consumos/" />
		</Unit>
		<Unit filename="Contenido.cpp" />
		<Unit filename="Contenido.h" />
		<Unit filename="Director.cpp">
			<Option virtualFolder="Directores/" />
		</Unit>
		<Unit filename="Director.h">
			<Option virtualFolder="Directores/" />
		</Unit>
		<Unit filename="DirectorArchivo.cpp">
			<Option virtualFolder="Directores/" />
		</Unit>
		<Unit filename="DirectorArchivo.h">
			<Option virtualFolder="Directores/" />
		</Unit>
		<Unit filename="DirectorManager.cpp">
			<Option virtualFolder="Directores/" />
		</Unit>
		<Unit filename="DirectorManager.h">
			<Option virtualFolder="Directores/" />
		</Unit>
		<Unit filename="DirectorMenu.cpp">
			<Option virtualFolder="Directores/" />
		</Unit>
		<Unit filename="DirectorMenu.h">
			<Option virtualFolder="Directores/" />
		</Unit>
		<Unit filename="Fecha.cpp" />
		<Unit filename="Fecha.h" />
		<Unit filename="Genero.cpp">
			<Option virtualFolder="Auxiliares/" />
		</Unit>
		<Unit filename="Genero.h">
			<Option virtualFolder="Auxiliares/" />
		</Unit>
		<Unit filename="GeneroArchivo.cpp">
			<Option virtualFolder="Auxiliares/" />
		</Unit>
		<Unit filename="GeneroArchivo.h">
			<Option virtualFolder="Auxiliares/" />
		</Unit>
		<Unit filename="GeneroManager.cpp">
			<Option virtualFolder="Auxiliares/" />
		</Unit>
		<Unit filename="GeneroManager.h">
			<Option virtualFolder="Auxiliares/" />
		</Unit>
		<Unit filename="GeneroMenu.cpp">
			<Option virtualFolder="Auxiliares/" />
		</Unit>
		<Unit filename="GeneroMenu.h">
			<Option virtualFolder="Auxiliares/" />
		</Unit>
		<Unit filename="Pelicula.cpp">
			<Option virtualFolder="Peliculas/" />
		</Unit>
		<Unit filename="Pelicula.h">
			<Option virtualFolder="Peliculas/" />
		</Unit>
		<Unit filename="PeliculaArchivo.cpp">
			<Option virtualFolder="Peliculas/" />
		</Unit>
		<Unit filename="PeliculaArchivo.h">
			<Option virtualFolder="Peliculas/" />
		</Unit>
		<Unit filename="PeliculaManager.cpp">
			<Option virtualFolder="Peliculas/" />
		</Unit>
		<Unit filename="PeliculaManager.h">
			<Option virtualFolder="Peliculas/" />
		</Unit>
		<Unit filename="PeliculaMenu.cpp">
			<Option virtualFolder="Peliculas/" />
		</Unit>
		<Unit filename="PeliculaMenu.h">
			<Option virtualFolder="Peliculas/" />
		</Unit>
		<Unit filename="Persona.cpp" />
		<Unit filename="Persona.h" />
		<Unit filename="ReportesManager.cpp">
			<Option virtualFolder="Reportes/" />
		</Unit>
		<Unit filename="ReportesManager.h">
			<Option virtualFolder="Reportes/" />
		</Unit>
		<Unit filename="ReportesMenu.cpp">
			<Option virtualFolder="Reportes/" />
		</Unit>
		<Unit filename="ReportesMenu.h">
			<Option virtualFolder="Reportes/" />
			<Option target="&lt;{~None~}&gt;" />
		</Unit>
		<Unit filename="Serie.cpp">
			<Option virtualFolder="Series/" />
		</Unit>
		<Unit filename="Serie.h">
			<Option virtualFolder="Series/" />
		</Unit>
		<Unit filename="SerieArchivo.cpp">
			<Option virtualFolder="Series/" />
		</Unit>
		<Unit filename="SerieArchivo.h">
			<Option virtualFolder="Series/" />
		</Unit>
		<Unit filename="SerieManager.cpp">
			<Option virtualFolder="Series/" />
		</Unit>
		<Unit filename="SerieManager.h">
			<Option virtualFolder="Series/" />
		</Unit>
		<Unit filename="SerieMenu.cpp">
			<Option virtualFolder="Series/" />
		</Unit>
		<Unit filename="SerieMenu.h">
			<Option virtualFolder="Series/" />
		</Unit>
		<Unit filename="Suscriptor.cpp">
			<Option virtualFolder="Suscriptores/" />
		</Unit>
		<Unit filename="Suscriptor.h">
			<Option virtualFolder="Suscriptores/" />
		</Unit>
		<Unit filename="SuscriptorArchivo.cpp">
			<Option virtualFolder="Suscriptores/" />
		</Unit>
		<Unit filename="SuscriptorArchivo.h">
			<Option virtualFolder="Suscriptores/" />
		</Unit>
		<Unit filename="SuscriptorManager.cpp">
			<Option virtualFolder="Suscriptores/" />
		</Unit>
		<Unit filename="SuscriptorManager.h">
			<Option virtualFolder="Suscriptores/" />
		</Unit>
		<Unit filename="SuscriptorMenu.cpp">
			<Option virtualFolder="Suscriptores/" />
		</Unit>
		<Unit filename="SuscriptorMenu.h">
			<Option virtualFolder="Suscriptores/" />
		</Unit>
		<Unit filename="TipoContenido.cpp">
			<Option virtualFolder="Auxiliares/" />
		</Unit>
		<Unit filename="TipoContenido.h">
			<Option virtualFolder="Auxiliares/" />
		</Unit>
		<Unit filename="TipoContenidoArchivo.cpp">
			<Option virtualFolder="Auxiliares/" />
		</Unit>
		<Unit filename="TipoContenidoArchivo.h">
			<Option virtualFolder="Auxiliares/" />
		</Unit>
		<Unit filename="TipoContenidoManager.cpp">
			<Option virtualFolder="Auxiliares/" />
		</Unit>
		<Unit filename="TipoContenidoManager.h">
			<Option virtualFolder="Auxiliares/" />
		</Unit>
		<Unit filename="TipoContenidoMenu.cpp">
			<Option virtualFolder="Auxiliares/" />
		</Unit>
		<Unit filename="TipoContenidoMenu.h">
			<Option virtualFolder="Auxiliares/" />
		</Unit>
		<Unit filename="TipoSuscripcion.cpp">
			<Option virtualFolder="Auxiliares/" />
		</Unit>
		<Unit filename="TipoSuscripcion.h">
			<Option virtualFolder="Auxiliares/" />
		</Unit>
		<Unit filename="TipoSuscripcionArchivo.cpp">
			<Option virtualFolder="Auxiliares/" />
		</Unit>
		<Unit filename="TipoSuscripcionArchivo.h">
			<Option virtualFolder="Auxiliares/" />
		</Unit>
		<Unit filename="TipoSuscripcionManager.cpp">
			<Option virtualFolder="Auxiliares/" />
		</Unit>
		<Unit filename="TipoSuscripcionManager.h">
			<Option virtualFolder="Auxiliares/" />
		</Unit>
		<Unit filename="TipoSuscripcionMenu.cpp">
			<Option virtualFolder="Auxiliares/" />
		</Unit>
		<Unit filename="TipoSuscripcionMenu.h">
			<Option virtualFolder="Auxiliares/" />
		</Unit>
		<Unit filename="main.cpp" />
		<Unit filename="utils.cpp" />
		<Unit filename="utils.h" />
		<Extensions />
	</Project>
</CodeBlocks_project_file>
