<?xml version="1.0" encoding="UTF-8" standalone="yes" ?>
<CodeBlocks_project_file>
	<FileVersion major="1" minor="6" />
	<Project>
		<Option title="SistemaGestion-Grupo20" />
		<Option pch_mode="2" />
		<Option compiler="gcc" />
		<Build>
			<Target title="Debug">
				<Option output="bin/Debug/SistemaGestion-Grupo20" prefix_auto="1" extension_auto="1" />
				<Option object_output="obj/Debug/" />
				<Option type="1" />
				<Option compiler="gcc" />
				<Compiler>
					<Add option="-g" />
				</Compiler>
			</Target>
			<Target title="Release">
				<Option output="bin/Release/SistemaGestion-Grupo20" prefix_auto="1" extension_auto="1" />
				<Option object_output="obj/Release/" />
				<Option type="1" />
				<Option compiler="gcc" />
				<Compiler>
					<Add option="-O2" />
				</Compiler>
				<Linker>
					<Add option="-s" />
				</Linker>
			</Target>
		</Build>
		<Compiler>
			<Add option="-Wall" />
			<Add option="-fexceptions" />
		</Compiler>
		<Unit filename="App.cpp" />
		<Unit filename="App.h" />
		<Unit filename="Clasificacion.cpp" />
		<Unit filename="Clasificacion.h" />
		<Unit filename="ClasificacionManager.cpp" />
		<Unit filename="ClasificacionManager.h" />
		<Unit filename="ClasificacionMenu.cpp" />
		<Unit filename="ClasificacionMenu.h" />
		<Unit filename="Consumo.cpp" />
		<Unit filename="Consumo.h" />
		<Unit filename="Contenido.cpp" />
		<Unit filename="Contenido.h" />
		<Unit filename="Director.cpp" />
		<Unit filename="Director.h" />
		<Unit filename="DirectorManager.cpp" />
		<Unit filename="DirectorManager.h" />
		<Unit filename="DirectorMenu.cpp" />
		<Unit filename="DirectorMenu.h" />
		<Unit filename="Fecha.cpp" />
		<Unit filename="Fecha.h" />
		<Unit filename="Genero.cpp" />
		<Unit filename="Genero.h" />
		<Unit filename="GeneroManager.cpp" />
		<Unit filename="GeneroManager.h" />
		<Unit filename="GeneroMenu.cpp" />
		<Unit filename="GeneroMenu.h" />
		<Unit filename="Pelicula.cpp" />
		<Unit filename="Pelicula.h" />
		<Unit filename="PeliculaManager.cpp" />
		<Unit filename="PeliculaManager.h" />
		<Unit filename="PeliculaMenu.cpp" />
		<Unit filename="PeliculaMenu.h" />
		<Unit filename="Persona.cpp" />
		<Unit filename="Persona.h" />
		<Unit filename="ReportesManager.cpp" />
		<Unit filename="ReportesManager.h" />
		<Unit filename="ReportesMenu.cpp" />
		<Unit filename="ReportesMenu.h">
			<Option target="&lt;{~None~}&gt;" />
		</Unit>
		<Unit filename="Serie.cpp" />
		<Unit filename="Serie.h" />
		<Unit filename="SerieManager.cpp" />
		<Unit filename="SerieManager.h" />
		<Unit filename="SerieMenu.cpp" />
		<Unit filename="SerieMenu.h" />
		<Unit filename="Suscriptor.cpp" />
		<Unit filename="Suscriptor.h" />
		<Unit filename="SuscriptorManager.cpp" />
		<Unit filename="SuscriptorManager.h" />
		<Unit filename="SuscriptorMenu.cpp" />
		<Unit filename="SuscriptorMenu.h" />
		<Unit filename="TipoContenido.cpp" />
		<Unit filename="TipoContenido.h" />
		<Unit filename="TipoContenidoManager.cpp" />
		<Unit filename="TipoContenidoManager.h" />
		<Unit filename="TipoContenidoMenu.cpp" />
		<Unit filename="TipoContenidoMenu.h" />
		<Unit filename="TipoSuscripcion.cpp" />
		<Unit filename="TipoSuscripcion.h" />
		<Unit filename="TipoSuscripcionManager.cpp" />
		<Unit filename="TipoSuscripcionManager.h" />
		<Unit filename="TipoSuscripcionMenu.cpp" />
		<Unit filename="TipoSuscripcionMenu.h" />
		<Unit filename="main.cpp" />
		<Extensions />
	</Project>
</CodeBlocks_project_file>
